// !$*UTF8*$!
{
	archiveVersion = 1;
	classes = {
	};
	objectVersion = 56;
	objects = {

/* Begin PBXBuildFile section */
		42223A272A1D6AE1007D044D /* AppDelegate.swift in Sources */ = {isa = PBXBuildFile; fileRef = 42223A262A1D6AE1007D044D /* AppDelegate.swift */; };
		42223A292A1D6AE1007D044D /* SceneDelegate.swift in Sources */ = {isa = PBXBuildFile; fileRef = 42223A282A1D6AE1007D044D /* SceneDelegate.swift */; };
		42223A2B2A1D6AE1007D044D /* ViewController.swift in Sources */ = {isa = PBXBuildFile; fileRef = 42223A2A2A1D6AE1007D044D /* ViewController.swift */; };
		42223A2E2A1D6AE1007D044D /* Main.storyboard in Resources */ = {isa = PBXBuildFile; fileRef = 42223A2C2A1D6AE1007D044D /* Main.storyboard */; };
		42223A302A1D6AE3007D044D /* Assets.xcassets in Resources */ = {isa = PBXBuildFile; fileRef = 42223A2F2A1D6AE3007D044D /* Assets.xcassets */; };
		42223A332A1D6AE3007D044D /* LaunchScreen.storyboard in Resources */ = {isa = PBXBuildFile; fileRef = 42223A312A1D6AE3007D044D /* LaunchScreen.storyboard */; };
		42223A412A1DAAF1007D044D /* TaskViewController.swift in Sources */ = {isa = PBXBuildFile; fileRef = 42223A402A1DAAF1007D044D /* TaskViewController.swift */; };
		42223A432A1DAB0C007D044D /* AddNewTaskViewController.swift in Sources */ = {isa = PBXBuildFile; fileRef = 42223A422A1DAB0C007D044D /* AddNewTaskViewController.swift */; };
		42223A452A1DACC0007D044D /* TaskListModel.swift in Sources */ = {isa = PBXBuildFile; fileRef = 42223A442A1DACC0007D044D /* TaskListModel.swift */; };
		42223A482A1E6986007D044D /* HomeViewController.swift in Sources */ = {isa = PBXBuildFile; fileRef = 42223A472A1E6986007D044D /* HomeViewController.swift */; };
/* End PBXBuildFile section */

/* Begin PBXFileReference section */
		42223A232A1D6AE1007D044D /* CombinePlayground.app */ = {isa = PBXFileReference; explicitFileType = wrapper.application; includeInIndex = 0; path = CombinePlayground.app; sourceTree = BUILT_PRODUCTS_DIR; };
		42223A262A1D6AE1007D044D /* AppDelegate.swift */ = {isa = PBXFileReference; lastKnownFileType = sourcecode.swift; path = AppDelegate.swift; sourceTree = "<group>"; };
		42223A282A1D6AE1007D044D /* SceneDelegate.swift */ = {isa = PBXFileReference; lastKnownFileType = sourcecode.swift; path = SceneDelegate.swift; sourceTree = "<group>"; };
		42223A2A2A1D6AE1007D044D /* ViewController.swift */ = {isa = PBXFileReference; lastKnownFileType = sourcecode.swift; path = ViewController.swift; sourceTree = "<group>"; };
		42223A2D2A1D6AE1007D044D /* Base */ = {isa = PBXFileReference; lastKnownFileType = file.storyboard; name = Base; path = Base.lproj/Main.storyboard; sourceTree = "<group>"; };
		42223A2F2A1D6AE3007D044D /* Assets.xcassets */ = {isa = PBXFileReference; lastKnownFileType = folder.assetcatalog; path = Assets.xcassets; sourceTree = "<group>"; };
		42223A322A1D6AE3007D044D /* Base */ = {isa = PBXFileReference; lastKnownFileType = file.storyboard; name = Base; path = Base.lproj/LaunchScreen.storyboard; sourceTree = "<group>"; };
		42223A342A1D6AE3007D044D /* Info.plist */ = {isa = PBXFileReference; lastKnownFileType = text.plist.xml; path = Info.plist; sourceTree = "<group>"; };
		42223A402A1DAAF1007D044D /* TaskViewController.swift */ = {isa = PBXFileReference; lastKnownFileType = sourcecode.swift; path = TaskViewController.swift; sourceTree = "<group>"; };
		42223A422A1DAB0C007D044D /* AddNewTaskViewController.swift */ = {isa = PBXFileReference; lastKnownFileType = sourcecode.swift; path = AddNewTaskViewController.swift; sourceTree = "<group>"; };
		42223A442A1DACC0007D044D /* TaskListModel.swift */ = {isa = PBXFileReference; lastKnownFileType = sourcecode.swift; path = TaskListModel.swift; sourceTree = "<group>"; };
		42223A472A1E6986007D044D /* HomeViewController.swift */ = {isa = PBXFileReference; lastKnownFileType = sourcecode.swift; path = HomeViewController.swift; sourceTree = "<group>"; };
/* End PBXFileReference section */

/* Begin PBXFrameworksBuildPhase section */
		42223A202A1D6AE1007D044D /* Frameworks */ = {
			isa = PBXFrameworksBuildPhase;
			buildActionMask = 2147483647;
			files = (
			);
			runOnlyForDeploymentPostprocessing = 0;
		};
/* End PBXFrameworksBuildPhase section */

/* Begin PBXGroup section */
		42223A1A2A1D6AE1007D044D = {
			isa = PBXGroup;
			children = (
				42223A252A1D6AE1007D044D /* CombinePlayground */,
				42223A242A1D6AE1007D044D /* Products */,
			);
			sourceTree = "<group>";
		};
		42223A242A1D6AE1007D044D /* Products */ = {
			isa = PBXGroup;
			children = (
				42223A232A1D6AE1007D044D /* CombinePlayground.app */,
			);
			name = Products;
			sourceTree = "<group>";
		};
		42223A252A1D6AE1007D044D /* CombinePlayground */ = {
			isa = PBXGroup;
			children = (
				42223A2C2A1D6AE1007D044D /* Main.storyboard */,
				42223A472A1E6986007D044D /* HomeViewController.swift */,
				42223A462A1E57C4007D044D /* AddTask */,
				42223A262A1D6AE1007D044D /* AppDelegate.swift */,
				42223A282A1D6AE1007D044D /* SceneDelegate.swift */,
				42223A2A2A1D6AE1007D044D /* ViewController.swift */,
				42223A2F2A1D6AE3007D044D /* Assets.xcassets */,
				42223A312A1D6AE3007D044D /* LaunchScreen.storyboard */,
				42223A342A1D6AE3007D044D /* Info.plist */,
			);
			path = CombinePlayground;
			sourceTree = "<group>";
		};
		42223A3A2A1DAA02007D044D /* View */ = {
			isa = PBXGroup;
			children = (
				42223A402A1DAAF1007D044D /* TaskViewController.swift */,
				42223A422A1DAB0C007D044D /* AddNewTaskViewController.swift */,
			);
			path = View;
			sourceTree = "<group>";
		};
		42223A3B2A1DAA10007D044D /* View Model */ = {
			isa = PBXGroup;
			children = (
				42223A442A1DACC0007D044D /* TaskListModel.swift */,
			);
			path = "View Model";
			sourceTree = "<group>";
		};
		42223A462A1E57C4007D044D /* AddTask */ = {
			isa = PBXGroup;
			children = (
				42223A3A2A1DAA02007D044D /* View */,
				42223A3B2A1DAA10007D044D /* View Model */,
			);
			path = AddTask;
			sourceTree = "<group>";
		};
/* End PBXGroup section */

/* Begin PBXNativeTarget section */
		42223A222A1D6AE1007D044D /* CombinePlayground */ = {
			isa = PBXNativeTarget;
			buildConfigurationList = 42223A372A1D6AE3007D044D /* Build configuration list for PBXNativeTarget "CombinePlayground" */;
			buildPhases = (
				42223A1F2A1D6AE1007D044D /* Sources */,
				42223A202A1D6AE1007D044D /* Frameworks */,
				42223A212A1D6AE1007D044D /* Resources */,
			);
			buildRules = (
			);
			dependencies = (
			);
			name = CombinePlayground;
			productName = CombinePlayground;
			productReference = 42223A232A1D6AE1007D044D /* CombinePlayground.app */;
			productType = "com.apple.product-type.application";
		};
/* End PBXNativeTarget section */

/* Begin PBXProject section */
		42223A1B2A1D6AE1007D044D /* Project object */ = {
			isa = PBXProject;
			attributes = {
				BuildIndependentTargetsInParallel = 1;
				LastSwiftUpdateCheck = 1430;
				LastUpgradeCheck = 1430;
				TargetAttributes = {
					42223A222A1D6AE1007D044D = {
						CreatedOnToolsVersion = 14.3;
					};
				};
			};
			buildConfigurationList = 42223A1E2A1D6AE1007D044D /* Build configuration list for PBXProject "CombinePlayground" */;
			compatibilityVersion = "Xcode 14.0";
			developmentRegion = en;
			hasScannedForEncodings = 0;
			knownRegions = (
				en,
				Base,
			);
			mainGroup = 42223A1A2A1D6AE1007D044D;
			productRefGroup = 42223A242A1D6AE1007D044D /* Products */;
			projectDirPath = "";
			projectRoot = "";
			targets = (
				42223A222A1D6AE1007D044D /* CombinePlayground */,
			);
		};
/* End PBXProject section */

/* Begin PBXResourcesBuildPhase section */
		42223A212A1D6AE1007D044D /* Resources */ = {
			isa = PBXResourcesBuildPhase;
			buildActionMask = 2147483647;
			files = (
				42223A332A1D6AE3007D044D /* LaunchScreen.storyboard in Resources */,
				42223A302A1D6AE3007D044D /* Assets.xcassets in Resources */,
				42223A2E2A1D6AE1007D044D /* Main.storyboard in Resources */,
			);
			runOnlyForDeploymentPostprocessing = 0;
		};
/* End PBXResourcesBuildPhase section */

/* Begin PBXSourcesBuildPhase section */
		42223A1F2A1D6AE1007D044D /* Sources */ = {
			isa = PBXSourcesBuildPhase;
			buildActionMask = 2147483647;
			files = (
				42223A452A1DACC0007D044D /* TaskListModel.swift in Sources */,
				42223A2B2A1D6AE1007D044D /* ViewController.swift in Sources */,
				42223A272A1D6AE1007D044D /* AppDelegate.swift in Sources */,
				42223A412A1DAAF1007D044D /* TaskViewController.swift in Sources */,
				42223A432A1DAB0C007D044D /* AddNewTaskViewController.swift in Sources */,
				42223A482A1E6986007D044D /* HomeViewController.swift in Sources */,
				42223A292A1D6AE1007D044D /* SceneDelegate.swift in Sources */,
			);
			runOnlyForDeploymentPostprocessing = 0;
		};
/* End PBXSourcesBuildPhase section */

/* Begin PBXVariantGroup section */
		42223A2C2A1D6AE1007D044D /* Main.storyboard */ = {
			isa = PBXVariantGroup;
			children = (
				42223A2D2A1D6AE1007D044D /* Base */,
			);
			name = Main.storyboard;
			sourceTree = "<group>";
		};
		42223A312A1D6AE3007D044D /* LaunchScreen.storyboard */ = {
			isa = PBXVariantGroup;
			children = (
				42223A322A1D6AE3007D044D /* Base */,
			);
			name = LaunchScreen.storyboard;
			sourceTree = "<group>";
		};
/* End PBXVariantGroup section */

/* Begin XCBuildConfiguration section */
		42223A352A1D6AE3007D044D /* Debug */ = {
			isa = XCBuildConfiguration;
			buildSettings = {
				ALWAYS_SEARCH_USER_PATHS = NO;
				CLANG_ANALYZER_NONNULL = YES;
				CLANG_ANALYZER_NUMBER_OBJECT_CONVERSION = YES_AGGRESSIVE;
				CLANG_CXX_LANGUAGE_STANDARD = "gnu++20";
				CLANG_ENABLE_MODULES = YES;
				CLANG_ENABLE_OBJC_ARC = YES;
				CLANG_ENABLE_OBJC_WEAK = YES;
				CLANG_WARN_BLOCK_CAPTURE_AUTORELEASING = YES;
				CLANG_WARN_BOOL_CONVERSION = YES;
				CLANG_WARN_COMMA = YES;
				CLANG_WARN_CONSTANT_CONVERSION = YES;
				CLANG_WARN_DEPRECATED_OBJC_IMPLEMENTATIONS = YES;
				CLANG_WARN_DIRECT_OBJC_ISA_USAGE = YES_ERROR;
				CLANG_WARN_DOCUMENTATION_COMMENTS = YES;
				CLANG_WARN_EMPTY_BODY = YES;
				CLANG_WARN_ENUM_CONVERSION = YES;
				CLANG_WARN_INFINITE_RECURSION = YES;
				CLANG_WARN_INT_CONVERSION = YES;
				CLANG_WARN_NON_LITERAL_NULL_CONVERSION = YES;
				CLANG_WARN_OBJC_IMPLICIT_RETAIN_SELF = YES;
				CLANG_WARN_OBJC_LITERAL_CONVERSION = YES;
				CLANG_WARN_OBJC_ROOT_CLASS = YES_ERROR;
				CLANG_WARN_QUOTED_INCLUDE_IN_FRAMEWORK_HEADER = YES;
				CLANG_WARN_RANGE_LOOP_ANALYSIS = YES;
				CLANG_WARN_STRICT_PROTOTYPES = YES;
				CLANG_WARN_SUSPICIOUS_MOVE = YES;
				CLANG_WARN_UNGUARDED_AVAILABILITY = YES_AGGRESSIVE;
				CLANG_WARN_UNREACHABLE_CODE = YES;
				CLANG_WARN__DUPLICATE_METHOD_MATCH = YES;
				COPY_PHASE_STRIP = NO;
				DEBUG_INFORMATION_FORMAT = dwarf;
				ENABLE_STRICT_OBJC_MSGSEND = YES;
				ENABLE_TESTABILITY = YES;
				GCC_C_LANGUAGE_STANDARD = gnu11;
				GCC_DYNAMIC_NO_PIC = NO;
				GCC_NO_COMMON_BLOCKS = YES;
				GCC_OPTIMIZATION_LEVEL = 0;
				GCC_PREPROCESSOR_DEFINITIONS = (
					"DEBUG=1",
					"$(inherited)",
				);
				GCC_WARN_64_TO_32_BIT_CONVERSION = YES;
				GCC_WARN_ABOUT_RETURN_TYPE = YES_ERROR;
				GCC_WARN_UNDECLARED_SELECTOR = YES;
				GCC_WARN_UNINITIALIZED_AUTOS = YES_AGGRESSIVE;
				GCC_WARN_UNUSED_FUNCTION = YES;
				GCC_WARN_UNUSED_VARIABLE = YES;
				IPHONEOS_DEPLOYMENT_TARGET = 16.4;
				MTL_ENABLE_DEBUG_INFO = INCLUDE_SOURCE;
				MTL_FAST_MATH = YES;
				ONLY_ACTIVE_ARCH = YES;
				SDKROOT = iphoneos;
				SWIFT_ACTIVE_COMPILATION_CONDITIONS = DEBUG;
				SWIFT_OPTIMIZATION_LEVEL = "-Onone";
			};
			name = Debug;
		};
		42223A362A1D6AE3007D044D /* Release */ = {
			isa = XCBuildConfiguration;
			buildSettings = {
				ALWAYS_SEARCH_USER_PATHS = NO;
				CLANG_ANALYZER_NONNULL = YES;
				CLANG_ANALYZER_NUMBER_OBJECT_CONVERSION = YES_AGGRESSIVE;
				CLANG_CXX_LANGUAGE_STANDARD = "gnu++20";
				CLANG_ENABLE_MODULES = YES;
				CLANG_ENABLE_OBJC_ARC = YES;
				CLANG_ENABLE_OBJC_WEAK = YES;
				CLANG_WARN_BLOCK_CAPTURE_AUTORELEASING = YES;
				CLANG_WARN_BOOL_CONVERSION = YES;
				CLANG_WARN_COMMA = YES;
				CLANG_WARN_CONSTANT_CONVERSION = YES;
				CLANG_WARN_DEPRECATED_OBJC_IMPLEMENTATIONS = YES;
				CLANG_WARN_DIRECT_OBJC_ISA_USAGE = YES_ERROR;
				CLANG_WARN_DOCUMENTATION_COMMENTS = YES;
				CLANG_WARN_EMPTY_BODY = YES;
				CLANG_WARN_ENUM_CONVERSION = YES;
				CLANG_WARN_INFINITE_RECURSION = YES;
				CLANG_WARN_INT_CONVERSION = YES;
				CLANG_WARN_NON_LITERAL_NULL_CONVERSION = YES;
				CLANG_WARN_OBJC_IMPLICIT_RETAIN_SELF = YES;
				CLANG_WARN_OBJC_LITERAL_CONVERSION = YES;
				CLANG_WARN_OBJC_ROOT_CLASS = YES_ERROR;
				CLANG_WARN_QUOTED_INCLUDE_IN_FRAMEWORK_HEADER = YES;
				CLANG_WARN_RANGE_LOOP_ANALYSIS = YES;
				CLANG_WARN_STRICT_PROTOTYPES = YES;
				CLANG_WARN_SUSPICIOUS_MOVE = YES;
				CLANG_WARN_UNGUARDED_AVAILABILITY = YES_AGGRESSIVE;
				CLANG_WARN_UNREACHABLE_CODE = YES;
				CLANG_WARN__DUPLICATE_METHOD_MATCH = YES;
				COPY_PHASE_STRIP = NO;
				DEBUG_INFORMATION_FORMAT = "dwarf-with-dsym";
				ENABLE_NS_ASSERTIONS = NO;
				ENABLE_STRICT_OBJC_MSGSEND = YES;
				GCC_C_LANGUAGE_STANDARD = gnu11;
				GCC_NO_COMMON_BLOCKS = YES;
				GCC_WARN_64_TO_32_BIT_CONVERSION = YES;
				GCC_WARN_ABOUT_RETURN_TYPE = YES_ERROR;
				GCC_WARN_UNDECLARED_SELECTOR = YES;
				GCC_WARN_UNINITIALIZED_AUTOS = YES_AGGRESSIVE;
				GCC_WARN_UNUSED_FUNCTION = YES;
				GCC_WARN_UNUSED_VARIABLE = YES;
				IPHONEOS_DEPLOYMENT_TARGET = 16.4;
				MTL_ENABLE_DEBUG_INFO = NO;
				MTL_FAST_MATH = YES;
				SDKROOT = iphoneos;
				SWIFT_COMPILATION_MODE = wholemodule;
				SWIFT_OPTIMIZATION_LEVEL = "-O";
				VALIDATE_PRODUCT = YES;
			};
			name = Release;
		};
		42223A382A1D6AE3007D044D /* Debug */ = {
			isa = XCBuildConfiguration;
			buildSettings = {
				ASSETCATALOG_COMPILER_APPICON_NAME = AppIcon;
				ASSETCATALOG_COMPILER_GLOBAL_ACCENT_COLOR_NAME = AccentColor;
				CODE_SIGN_STYLE = Automatic;
				CURRENT_PROJECT_VERSION = 1;
				DEVELOPMENT_TEAM = 8UCYVYPJTR;
				GENERATE_INFOPLIST_FILE = YES;
				INFOPLIST_FILE = CombinePlayground/Info.plist;
				INFOPLIST_KEY_UIApplicationSupportsIndirectInputEvents = YES;
				INFOPLIST_KEY_UILaunchStoryboardName = LaunchScreen;
				INFOPLIST_KEY_UIMainStoryboardFile = Main;
				INFOPLIST_KEY_UISupportedInterfaceOrientations_iPad = "UIInterfaceOrientationPortrait UIInterfaceOrientationPortraitUpsideDown UIInterfaceOrientationLandscapeLeft UIInterfaceOrientationLandscapeRight";
				INFOPLIST_KEY_UISupportedInterfaceOrientations_iPhone = "UIInterfaceOrientationPortrait UIInterfaceOrientationLandscapeLeft UIInterfaceOrientationLandscapeRight";
				LD_RUNPATH_SEARCH_PATHS = (
					"$(inherited)",
					"@executable_path/Frameworks",
				);
				MARKETING_VERSION = 1.0;
				PRODUCT_BUNDLE_IDENTIFIER = com.tugberkmasat.CombinePlayground;
				PRODUCT_NAME = "$(TARGET_NAME)";
				SWIFT_EMIT_LOC_STRINGS = YES;
				SWIFT_VERSION = 5.0;
				TARGETED_DEVICE_FAMILY = "1,2";
			};
			name = Debug;
		};
		42223A392A1D6AE3007D044D /* Release */ = {
			isa = XCBuildConfiguration;
			buildSettings = {
				ASSETCATALOG_COMPILER_APPICON_NAME = AppIcon;
				ASSETCATALOG_COMPILER_GLOBAL_ACCENT_COLOR_NAME = AccentColor;
				CODE_SIGN_STYLE = Automatic;
				CURRENT_PROJECT_VERSION = 1;
				DEVELOPMENT_TEAM = 8UCYVYPJTR;
				GENERATE_INFOPLIST_FILE = YES;
				INFOPLIST_FILE = CombinePlayground/Info.plist;
				INFOPLIST_KEY_UIApplicationSupportsIndirectInputEvents = YES;
				INFOPLIST_KEY_UILaunchStoryboardName = LaunchScreen;
				INFOPLIST_KEY_UIMainStoryboardFile = Main;
				INFOPLIST_KEY_UISupportedInterfaceOrientations_iPad = "UIInterfaceOrientationPortrait UIInterfaceOrientationPortraitUpsideDown UIInterfaceOrientationLandscapeLeft UIInterfaceOrientationLandscapeRight";
				INFOPLIST_KEY_UISupportedInterfaceOrientations_iPhone = "UIInterfaceOrientationPortrait UIInterfaceOrientationLandscapeLeft UIInterfaceOrientationLandscapeRight";
				LD_RUNPATH_SEARCH_PATHS = (
					"$(inherited)",
					"@executable_path/Frameworks",
				);
				MARKETING_VERSION = 1.0;
				PRODUCT_BUNDLE_IDENTIFIER = com.tugberkmasat.CombinePlayground;
				PRODUCT_NAME = "$(TARGET_NAME)";
				SWIFT_EMIT_LOC_STRINGS = YES;
				SWIFT_VERSION = 5.0;
				TARGETED_DEVICE_FAMILY = "1,2";
			};
			name = Release;
		};
/* End XCBuildConfiguration section */

/* Begin XCConfigurationList section */
		42223A1E2A1D6AE1007D044D /* Build configuration list for PBXProject "CombinePlayground" */ = {
			isa = XCConfigurationList;
			buildConfigurations = (
				42223A352A1D6AE3007D044D /* Debug */,
				42223A362A1D6AE3007D044D /* Release */,
			);
			defaultConfigurationIsVisible = 0;
			defaultConfigurationName = Release;
		};
		42223A372A1D6AE3007D044D /* Build configuration list for PBXNativeTarget "CombinePlayground" */ = {
			isa = XCConfigurationList;
			buildConfigurations = (
				42223A382A1D6AE3007D044D /* Debug */,
				42223A392A1D6AE3007D044D /* Release */,
			);
			defaultConfigurationIsVisible = 0;
			defaultConfigurationName = Release;
		};
/* End XCConfigurationList section */
	};
	rootObject = 42223A1B2A1D6AE1007D044D /* Project object */;
}
